// !$*UTF8*$!
{
	archiveVersion = 1;
	classes = {
	};
	objectVersion = 77;
	objects = {

/* Begin PBXBuildFile section */
		3068F3CBEAA926EA5B11F8DF /* AppTheme.swift in Sources */ = {isa = PBXBuildFile; fileRef = B65C62788254C239313ACBD4 /* AppTheme.swift */; };
		7878F7F6359450F886E96871 /* GratitudeEntry.swift in Sources */ = {isa = PBXBuildFile; fileRef = 1FAFE08343B5E2DFF7A6A0E4 /* GratitudeEntry.swift */; };
		9472DE2E257CE3DE21D42A00 /* Assets.xcassets in Resources */ = {isa = PBXBuildFile; fileRef = 68AED25EE39F6C4738718BE2 /* Assets.xcassets */; };
		A449BA8AB2F2779481F3D098 /* EntryView.swift in Sources */ = {isa = PBXBuildFile; fileRef = 3F5B1B94C2CEDECA8D887C4B /* EntryView.swift */; };
		C6EDFA8AA966930935B5FC11 /* GratefulApp.swift in Sources */ = {isa = PBXBuildFile; fileRef = A4DF542C8B90DB91A6AB049D /* GratefulApp.swift */; };
		CAB52DC7B1226311B383A18C /* WeeklyRecapView.swift in Sources */ = {isa = PBXBuildFile; fileRef = EF3CDFD57353B9297C01FF7C /* WeeklyRecapView.swift */; };
		DBA57A80506A9D6D1AE6FEC3 /* SettingsView.swift in Sources */ = {isa = PBXBuildFile; fileRef = CAFA53830E92205BC8BB9351 /* SettingsView.swift */; };
		F636F346B5FAAD40D93E33BE /* ContentView.swift in Sources */ = {isa = PBXBuildFile; fileRef = 55260D3D6BCC9908E542558E /* ContentView.swift */; };
/* End PBXBuildFile section */

/* Begin PBXFileReference section */
		1984B76DB576D21562656F38 /* Grateful.app */ = {isa = PBXFileReference; includeInIndex = 0; lastKnownFileType = wrapper.application; path = Grateful.app; sourceTree = BUILT_PRODUCTS_DIR; };
		1FAFE08343B5E2DFF7A6A0E4 /* GratitudeEntry.swift */ = {isa = PBXFileReference; lastKnownFileType = sourcecode.swift; path = GratitudeEntry.swift; sourceTree = "<group>"; };
		3F5B1B94C2CEDECA8D887C4B /* EntryView.swift */ = {isa = PBXFileReference; lastKnownFileType = sourcecode.swift; path = EntryView.swift; sourceTree = "<group>"; };
		55260D3D6BCC9908E542558E /* ContentView.swift */ = {isa = PBXFileReference; lastKnownFileType = sourcecode.swift; path = ContentView.swift; sourceTree = "<group>"; };
		68AED25EE39F6C4738718BE2 /* Assets.xcassets */ = {isa = PBXFileReference; lastKnownFileType = folder.assetcatalog; path = Assets.xcassets; sourceTree = "<group>"; };
		A4DF542C8B90DB91A6AB049D /* GratefulApp.swift */ = {isa = PBXFileReference; lastKnownFileType = sourcecode.swift; path = GratefulApp.swift; sourceTree = "<group>"; };
		B65C62788254C239313ACBD4 /* AppTheme.swift */ = {isa = PBXFileReference; lastKnownFileType = sourcecode.swift; path = AppTheme.swift; sourceTree = "<group>"; };
		CAFA53830E92205BC8BB9351 /* SettingsView.swift */ = {isa = PBXFileReference; lastKnownFileType = sourcecode.swift; path = SettingsView.swift; sourceTree = "<group>"; };
		EF3CDFD57353B9297C01FF7C /* WeeklyRecapView.swift */ = {isa = PBXFileReference; lastKnownFileType = sourcecode.swift; path = WeeklyRecapView.swift; sourceTree = "<group>"; };
/* End PBXFileReference section */

/* Begin PBXGroup section */
		37F76BE7A326F00547D390EA = {
			isa = PBXGroup;
			children = (
				68AED25EE39F6C4738718BE2 /* Assets.xcassets */,
				F2C386CFC7F65B7D9E172A36 /* Grateful */,
				DEFFEABB9562343094018B7F /* Products */,
			);
			sourceTree = "<group>";
		};
		5B97672BEF835B571E76AB12 /* Theme */ = {
			isa = PBXGroup;
			children = (
				B65C62788254C239313ACBD4 /* AppTheme.swift */,
			);
			path = Theme;
			sourceTree = "<group>";
		};
		7893DE350E8920DF74C7FDD2 /* Views */ = {
			isa = PBXGroup;
			children = (
				55260D3D6BCC9908E542558E /* ContentView.swift */,
				3F5B1B94C2CEDECA8D887C4B /* EntryView.swift */,
				CAFA53830E92205BC8BB9351 /* SettingsView.swift */,
				EF3CDFD57353B9297C01FF7C /* WeeklyRecapView.swift */,
			);
			path = Views;
			sourceTree = "<group>";
		};
		B5F8776AB3EC6C20BC7EB120 /* Models */ = {
			isa = PBXGroup;
			children = (
				1FAFE08343B5E2DFF7A6A0E4 /* GratitudeEntry.swift */,
			);
			path = Models;
			sourceTree = "<group>";
		};
		DEFFEABB9562343094018B7F /* Products */ = {
			isa = PBXGroup;
			children = (
				1984B76DB576D21562656F38 /* Grateful.app */,
			);
			name = Products;
			sourceTree = "<group>";
		};
		F2C386CFC7F65B7D9E172A36 /* Grateful */ = {
			isa = PBXGroup;
			children = (
				A4DF542C8B90DB91A6AB049D /* GratefulApp.swift */,
				B5F8776AB3EC6C20BC7EB120 /* Models */,
				5B97672BEF835B571E76AB12 /* Theme */,
				7893DE350E8920DF74C7FDD2 /* Views */,
			);
			path = Grateful;
			sourceTree = "<group>";
		};
/* End PBXGroup section */

/* Begin PBXNativeTarget section */
		0582C73275A4E425BB634D59 /* Grateful */ = {
			isa = PBXNativeTarget;
			buildConfigurationList = 627A1CC1B85E2CC1126B0F53 /* Build configuration list for PBXNativeTarget "Grateful" */;
			buildPhases = (
				CAAE3E13E24A2D2EC152BBED /* Sources */,
				D0ADF114DFF447F3762F16A2 /* Resources */,
			);
			buildRules = (
			);
			dependencies = (
			);
			name = Grateful;
			packageProductDependencies = (
			);
			productName = Grateful;
			productReference = 1984B76DB576D21562656F38 /* Grateful.app */;
			productType = "com.apple.product-type.application";
		};
/* End PBXNativeTarget section */

/* Begin PBXProject section */
		28B7DA410B43E285D9C0C55C /* Project object */ = {
			isa = PBXProject;
			attributes = {
				BuildIndependentTargetsInParallel = YES;
				LastUpgradeCheck = 1430;
				TargetAttributes = {
					0582C73275A4E425BB634D59 = {
						DevelopmentTeam = 7277AB8379;
						ProvisioningStyle = Automatic;
					};
				};
			};
			buildConfigurationList = F327C28FE53B3B6ABE2BCF6D /* Build configuration list for PBXProject "Grateful" */;
			compatibilityVersion = "Xcode 14.0";
			developmentRegion = en;
			hasScannedForEncodings = 0;
			knownRegions = (
				Base,
				en,
			);
			mainGroup = 37F76BE7A326F00547D390EA;
			minimizedProjectReferenceProxies = 1;
			preferredProjectObjectVersion = 77;
			projectDirPath = "";
			projectRoot = "";
			targets = (
				0582C73275A4E425BB634D59 /* Grateful */,
			);
		};
/* End PBXProject section */

/* Begin PBXResourcesBuildPhase section */
		D0ADF114DFF447F3762F16A2 /* Resources */ = {
			isa = PBXResourcesBuildPhase;
			buildActionMask = 2147483647;
			files = (
				9472DE2E257CE3DE21D42A00 /* Assets.xcassets in Resources */,
			);
			runOnlyForDeploymentPostprocessing = 0;
		};
/* End PBXResourcesBuildPhase section */

/* Begin PBXSourcesBuildPhase section */
		CAAE3E13E24A2D2EC152BBED /* Sources */ = {
			isa = PBXSourcesBuildPhase;
			buildActionMask = 2147483647;
			files = (
				3068F3CBEAA926EA5B11F8DF /* AppTheme.swift in Sources */,
				F636F346B5FAAD40D93E33BE /* ContentView.swift in Sources */,
				A449BA8AB2F2779481F3D098 /* EntryView.swift in Sources */,
				C6EDFA8AA966930935B5FC11 /* GratefulApp.swift in Sources */,
				7878F7F6359450F886E96871 /* GratitudeEntry.swift in Sources */,
				DBA57A80506A9D6D1AE6FEC3 /* SettingsView.swift in Sources */,
				CAB52DC7B1226311B383A18C /* WeeklyRecapView.swift in Sources */,
			);
			runOnlyForDeploymentPostprocessing = 0;
		};
/* End PBXSourcesBuildPhase section */

/* Begin XCBuildConfiguration section */
		5A0BA58E880A3AB10A40A551 /* Debug */ = {
			isa = XCBuildConfiguration;
			buildSettings = {
				ASSETCATALOG_COMPILER_APPICON_NAME = AppIcon;
				CODE_SIGN_IDENTITY = "iPhone Developer";
				CODE_SIGN_STYLE = Automatic;
				CURRENT_PROJECT_VERSION = 2;
				DEVELOPMENT_TEAM = 7277AB8379;
				GENERATE_INFOPLIST_FILE = YES;
				INFOPLIST_KEY_UILaunchScreen_Generation = YES;
				INFOPLIST_KEY_UISupportedInterfaceOrientations = UIInterfaceOrientationPortrait;
				INFOPLIST_KEY_UISupportedInterfaceOrientations_iPad = "UIInterfaceOrientationPortrait UIInterfaceOrientationPortraitUpsideDown UIInterfaceOrientationLandscapeLeft UIInterfaceOrientationLandscapeRight";
				LD_RUNPATH_SEARCH_PATHS = (
					"$(inherited)",
					"@executable_path/Frameworks",
				);
				MARKETING_VERSION = 1.0.0;
				PRODUCT_BUNDLE_IDENTIFIER = com.sebastiandoyle.grateful;
				PRODUCT_NAME = Grateful;
				SDKROOT = iphoneos;
				SUPPORTED_DESTINATIONS = "iPhone, iPad";
				SWIFT_VERSION = 5.0;
				TARGETED_DEVICE_FAMILY = "1,2";
			};
			name = Debug;
		};
		650A2843098A5D6D8F964570 /* Debug */ = {
			isa = XCBuildConfiguration;
			buildSettings = {
				ALWAYS_SEARCH_USER_PATHS = NO;
				CLANG_ANALYZER_NONNULL = YES;
				CLANG_ANALYZER_NUMBER_OBJECT_CONVERSION = YES_AGGRESSIVE;
				CLANG_CXX_LANGUAGE_STANDARD = "gnu++14";
				CLANG_CXX_LIBRARY = "libc++";
				CLANG_ENABLE_MODULES = YES;
				CLANG_ENABLE_OBJC_ARC = YES;
				CLANG_ENABLE_OBJC_WEAK = YES;
				CLANG_WARN_BLOCK_CAPTURE_AUTORELEASING = YES;
				CLANG_WARN_BOOL_CONVERSION = YES;
				CLANG_WARN_COMMA = YES;
				CLANG_WARN_CONSTANT_CONVERSION = YES;
				CLANG_WARN_DEPRECATED_OBJC_IMPLEMENTATIONS = YES;
				CLANG_WARN_DIRECT_OBJC_ISA_USAGE = YES_ERROR;
				CLANG_WARN_DOCUMENTATION_COMMENTS = YES;
				CLANG_WARN_EMPTY_BODY = YES;
				CLANG_WARN_ENUM_CONVERSION = YES;
				CLANG_WARN_INFINITE_RECURSION = YES;
				CLANG_WARN_INT_CONVERSION = YES;
				CLANG_WARN_NON_LITERAL_NULL_CONVERSION = YES;
				CLANG_WARN_OBJC_IMPLICIT_RETAIN_SELF = YES;
				CLANG_WARN_OBJC_LITERAL_CONVERSION = YES;
				CLANG_WARN_OBJC_ROOT_CLASS = YES_ERROR;
				CLANG_WARN_QUOTED_INCLUDE_IN_FRAMEWORK_HEADER = YES;
				CLANG_WARN_RANGE_LOOP_ANALYSIS = YES;
				CLANG_WARN_STRICT_PROTOTYPES = YES;
				CLANG_WARN_SUSPICIOUS_MOVE = YES;
				CLANG_WARN_UNGUARDED_AVAILABILITY = YES_AGGRESSIVE;
				CLANG_WARN_UNREACHABLE_CODE = YES;
				CLANG_WARN__DUPLICATE_METHOD_MATCH = YES;
				COPY_PHASE_STRIP = NO;
				DEBUG_INFORMATION_FORMAT = dwarf;
				ENABLE_STRICT_OBJC_MSGSEND = YES;
				ENABLE_TESTABILITY = YES;
				GCC_C_LANGUAGE_STANDARD = gnu11;
				GCC_DYNAMIC_NO_PIC = NO;
				GCC_NO_COMMON_BLOCKS = YES;
				GCC_OPTIMIZATION_LEVEL = 0;
				GCC_PREPROCESSOR_DEFINITIONS = (
					"$(inherited)",
					"DEBUG=1",
				);
				GCC_WARN_64_TO_32_BIT_CONVERSION = YES;
				GCC_WARN_ABOUT_RETURN_TYPE = YES_ERROR;
				GCC_WARN_UNDECLARED_SELECTOR = YES;
				GCC_WARN_UNINITIALIZED_AUTOS = YES_AGGRESSIVE;
				GCC_WARN_UNUSED_FUNCTION = YES;
				GCC_WARN_UNUSED_VARIABLE = YES;
				IPHONEOS_DEPLOYMENT_TARGET = 17.0;
				MTL_ENABLE_DEBUG_INFO = INCLUDE_SOURCE;
				MTL_FAST_MATH = YES;
				ONLY_ACTIVE_ARCH = YES;
				PRODUCT_NAME = "$(TARGET_NAME)";
				SDKROOT = iphoneos;
				SWIFT_ACTIVE_COMPILATION_CONDITIONS = DEBUG;
				SWIFT_OPTIMIZATION_LEVEL = "-Onone";
				SWIFT_VERSION = 5.0;
			};
			name = Debug;
		};
		763F1FFE87E7258733809129 /* Release */ = {
			isa = XCBuildConfiguration;
			buildSettings = {
				ASSETCATALOG_COMPILER_APPICON_NAME = AppIcon;
				CODE_SIGN_IDENTITY = "iPhone Developer";
				CODE_SIGN_STYLE = Automatic;
				CURRENT_PROJECT_VERSION = 2;
				DEVELOPMENT_TEAM = 7277AB8379;
				GENERATE_INFOPLIST_FILE = YES;
				INFOPLIST_KEY_UILaunchScreen_Generation = YES;
				INFOPLIST_KEY_UISupportedInterfaceOrientations = UIInterfaceOrientationPortrait;
				INFOPLIST_KEY_UISupportedInterfaceOrientations_iPad = "UIInterfaceOrientationPortrait UIInterfaceOrientationPortraitUpsideDown UIInterfaceOrientationLandscapeLeft UIInterfaceOrientationLandscapeRight";
				LD_RUNPATH_SEARCH_PATHS = (
					"$(inherited)",
					"@executable_path/Frameworks",
				);
				MARKETING_VERSION = 1.0.0;
				PRODUCT_BUNDLE_IDENTIFIER = com.sebastiandoyle.grateful;
				PRODUCT_NAME = Grateful;
				SDKROOT = iphoneos;
				SUPPORTED_DESTINATIONS = "iPhone, iPad";
				SWIFT_VERSION = 5.0;
				TARGETED_DEVICE_FAMILY = "1,2";
			};
			name = Release;
		};
		A72B196C9F6677868D693105 /* Release */ = {
			isa = XCBuildConfiguration;
			buildSettings = {
				ALWAYS_SEARCH_USER_PATHS = NO;
				CLANG_ANALYZER_NONNULL = YES;
				CLANG_ANALYZER_NUMBER_OBJECT_CONVERSION = YES_AGGRESSIVE;
				CLANG_CXX_LANGUAGE_STANDARD = "gnu++14";
				CLANG_CXX_LIBRARY = "libc++";
				CLANG_ENABLE_MODULES = YES;
				CLANG_ENABLE_OBJC_ARC = YES;
				CLANG_ENABLE_OBJC_WEAK = YES;
				CLANG_WARN_BLOCK_CAPTURE_AUTORELEASING = YES;
				CLANG_WARN_BOOL_CONVERSION = YES;
				CLANG_WARN_COMMA = YES;
				CLANG_WARN_CONSTANT_CONVERSION = YES;
				CLANG_WARN_DEPRECATED_OBJC_IMPLEMENTATIONS = YES;
				CLANG_WARN_DIRECT_OBJC_ISA_USAGE = YES_ERROR;
				CLANG_WARN_DOCUMENTATION_COMMENTS = YES;
				CLANG_WARN_EMPTY_BODY = YES;
				CLANG_WARN_ENUM_CONVERSION = YES;
				CLANG_WARN_INFINITE_RECURSION = YES;
				CLANG_WARN_INT_CONVERSION = YES;
				CLANG_WARN_NON_LITERAL_NULL_CONVERSION = YES;
				CLANG_WARN_OBJC_IMPLICIT_RETAIN_SELF = YES;
				CLANG_WARN_OBJC_LITERAL_CONVERSION = YES;
				CLANG_WARN_OBJC_ROOT_CLASS = YES_ERROR;
				CLANG_WARN_QUOTED_INCLUDE_IN_FRAMEWORK_HEADER = YES;
				CLANG_WARN_RANGE_LOOP_ANALYSIS = YES;
				CLANG_WARN_STRICT_PROTOTYPES = YES;
				CLANG_WARN_SUSPICIOUS_MOVE = YES;
				CLANG_WARN_UNGUARDED_AVAILABILITY = YES_AGGRESSIVE;
				CLANG_WARN_UNREACHABLE_CODE = YES;
				CLANG_WARN__DUPLICATE_METHOD_MATCH = YES;
				COPY_PHASE_STRIP = NO;
				DEBUG_INFORMATION_FORMAT = "dwarf-with-dsym";
				ENABLE_NS_ASSERTIONS = NO;
				ENABLE_STRICT_OBJC_MSGSEND = YES;
				GCC_C_LANGUAGE_STANDARD = gnu11;
				GCC_NO_COMMON_BLOCKS = YES;
				GCC_WARN_64_TO_32_BIT_CONVERSION = YES;
				GCC_WARN_ABOUT_RETURN_TYPE = YES_ERROR;
				GCC_WARN_UNDECLARED_SELECTOR = YES;
				GCC_WARN_UNINITIALIZED_AUTOS = YES_AGGRESSIVE;
				GCC_WARN_UNUSED_FUNCTION = YES;
				GCC_WARN_UNUSED_VARIABLE = YES;
				IPHONEOS_DEPLOYMENT_TARGET = 17.0;
				MTL_ENABLE_DEBUG_INFO = NO;
				MTL_FAST_MATH = YES;
				PRODUCT_NAME = "$(TARGET_NAME)";
				SDKROOT = iphoneos;
				SWIFT_COMPILATION_MODE = wholemodule;
				SWIFT_OPTIMIZATION_LEVEL = "-O";
				SWIFT_VERSION = 5.0;
			};
			name = Release;
		};
/* End XCBuildConfiguration section */

/* Begin XCConfigurationList section */
		627A1CC1B85E2CC1126B0F53 /* Build configuration list for PBXNativeTarget "Grateful" */ = {
			isa = XCConfigurationList;
			buildConfigurations = (
				5A0BA58E880A3AB10A40A551 /* Debug */,
				763F1FFE87E7258733809129 /* Release */,
			);
			defaultConfigurationIsVisible = 0;
			defaultConfigurationName = Debug;
		};
		F327C28FE53B3B6ABE2BCF6D /* Build configuration list for PBXProject "Grateful" */ = {
			isa = XCConfigurationList;
			buildConfigurations = (
				650A2843098A5D6D8F964570 /* Debug */,
				A72B196C9F6677868D693105 /* Release */,
			);
			defaultConfigurationIsVisible = 0;
			defaultConfigurationName = Debug;
		};
/* End XCConfigurationList section */
	};
	rootObject = 28B7DA410B43E285D9C0C55C /* Project object */;
}
